
Microsoft Visual Studio Solution File, Format Version 12.00
# Visual Studio Version 16
VisualStudioVersion = 16.0.29009.5
MinimumVisualStudioVersion = 10.0.40219.1
Project("{9A19103F-16F7-4668-BE54-9A1E7A4F7556}") = "FlowR", "FlowR\FlowR.csproj", "{4822DBB9-0C66-4A99-BA1D-44DD68820970}"
EndProject
Project("{9A19103F-16F7-4668-BE54-9A1E7A4F7556}") = "FlowR.Tests", "FlowR.Tests\FlowR.Tests.csproj", "{DC0D1D7D-54D3-4749-BE0B-45C0FE1154BD}"
EndProject
Project("{9A19103F-16F7-4668-BE54-9A1E7A4F7556}") = "FlowR.Tests.Domain", "FlowR.Tests.Domain\FlowR.Tests.Domain.csproj", "{A40935C5-D5D7-44D5-8B27-1DC3854AEC1D}"
EndProject
Project("{9A19103F-16F7-4668-BE54-9A1E7A4F7556}") = "FlowR.Microsoft.Extensions.Logging", "FlowR.Microsoft.Extensions.Logging\FlowR.Microsoft.Extensions.Logging.csproj", "{815A489A-E543-4516-A1C8-71B9216B622E}"
EndProject
Project("{9A19103F-16F7-4668-BE54-9A1E7A4F7556}") = "FlowR.StepLibrary", "FlowR.StepLibrary\FlowR.StepLibrary.csproj", "{500DBA8C-1314-45AB-AE7D-DE607DC81275}"
EndProject
Project("{9A19103F-16F7-4668-BE54-9A1E7A4F7556}") = "FlowR.Tests.DiscoveryTarget", "FlowR.Tests.DiscoveryTarget\FlowR.Tests.DiscoveryTarget.csproj", "{B0720D4D-B9C8-4696-847D-5A9D6D10C466}"
EndProject
Project("{9A19103F-16F7-4668-BE54-9A1E7A4F7556}") = "FlowR.Discovery", "FlowR.Discovery\FlowR.Discovery.csproj", "{499878CA-6455-4F1B-877D-FAFFE18A9CE9}"
EndProject
Project("{9A19103F-16F7-4668-BE54-9A1E7A4F7556}") = "FlowR.Jint", "FlowR.Jint\FlowR.Jint.csproj", "{2B528BDB-A035-4CDB-8E5C-0DE9662B1D85}"
EndProject
Project("{9A19103F-16F7-4668-BE54-9A1E7A4F7556}") = "FlowR.Jint.Tests", "FlowR.Jint.Tests\FlowR.Jint.Tests.csproj", "{39DA4623-74A1-4A55-A6F3-40D9D6DE958C}"
EndProject
Project("{2150E333-8FDC-42A3-9474-1A3956D46DE8}") = "FlowR.Core", "FlowR.Core", "{1E506A84-8DA2-4C3E-B35E-0268BBBF368E}"
EndProject
Project("{2150E333-8FDC-42A3-9474-1A3956D46DE8}") = "FlowR.BusinessExample", "FlowR.BusinessExample", "{68A9F1C6-EC98-48DD-89FF-912211CA0C51}"
EndProject
Project("{9A19103F-16F7-4668-BE54-9A1E7A4F7556}") = "BusinessExample.Core", "BusinessExample.Core\BusinessExample.Core.csproj", "{402463D9-3D39-49E7-8D5D-3F6B49F6DEB8}"
EndProject
Project("{9A19103F-16F7-4668-BE54-9A1E7A4F7556}") = "BusinessExample.Infrastructure", "BusinessExample.Infrastructure\BusinessExample.Infrastructure.csproj", "{9D1A0096-DCE7-42E0-A569-2011E8530C34}"
EndProject
Project("{9A19103F-16F7-4668-BE54-9A1E7A4F7556}") = "BusinessExample.Web", "BusinessExample.Web\BusinessExample.Web.csproj", "{DF15235C-B14C-48C1-9D17-C6725A604446}"
EndProject
Project("{9A19103F-16F7-4668-BE54-9A1E7A4F7556}") = "BusinessExample.Core.Test", "BusinessExample.Core.Test\BusinessExample.Core.Test.csproj", "{3B0CF301-87B1-4C42-A6EC-EA9BABA0BDDA}"
EndProject
Project("{9A19103F-16F7-4668-BE54-9A1E7A4F7556}") = "BusinessExample.Web.Test", "BusinessExample.Web.Test\BusinessExample.Web.Test.csproj", "{24A7CA8D-3485-460B-838C-5AC08ECB81B2}"
EndProject
Project("{2150E333-8FDC-42A3-9474-1A3956D46DE8}") = "FlowR.Extensions", "FlowR.Extensions", "{0FA3B433-C012-4404-985D-2CAA4EFEB67D}"
EndProject
Project("{FAE04EC0-301F-11D3-BF4B-00C04F79EFBC}") = "BusinessExample.Infrastructure.Test", "BusinessExample.Infrastructure.Test\BusinessExample.Infrastructure.Test.csproj", "{493AF542-9E62-42D2-AD1A-4505E7BAE6BF}"
EndProject
Global
	GlobalSection(SolutionConfigurationPlatforms) = preSolution
		Debug|Any CPU = Debug|Any CPU
		Release|Any CPU = Release|Any CPU
	EndGlobalSection
	GlobalSection(ProjectConfigurationPlatforms) = postSolution
		{4822DBB9-0C66-4A99-BA1D-44DD68820970}.Debug|Any CPU.ActiveCfg = Debug|Any CPU
		{4822DBB9-0C66-4A99-BA1D-44DD68820970}.Debug|Any CPU.Build.0 = Debug|Any CPU
		{4822DBB9-0C66-4A99-BA1D-44DD68820970}.Release|Any CPU.ActiveCfg = Release|Any CPU
		{4822DBB9-0C66-4A99-BA1D-44DD68820970}.Release|Any CPU.Build.0 = Release|Any CPU
		{DC0D1D7D-54D3-4749-BE0B-45C0FE1154BD}.Debug|Any CPU.ActiveCfg = Debug|Any CPU
		{DC0D1D7D-54D3-4749-BE0B-45C0FE1154BD}.Debug|Any CPU.Build.0 = Debug|Any CPU
		{DC0D1D7D-54D3-4749-BE0B-45C0FE1154BD}.Release|Any CPU.ActiveCfg = Release|Any CPU
		{DC0D1D7D-54D3-4749-BE0B-45C0FE1154BD}.Release|Any CPU.Build.0 = Release|Any CPU
		{A40935C5-D5D7-44D5-8B27-1DC3854AEC1D}.Debug|Any CPU.ActiveCfg = Debug|Any CPU
		{A40935C5-D5D7-44D5-8B27-1DC3854AEC1D}.Debug|Any CPU.Build.0 = Debug|Any CPU
		{A40935C5-D5D7-44D5-8B27-1DC3854AEC1D}.Release|Any CPU.ActiveCfg = Release|Any CPU
		{A40935C5-D5D7-44D5-8B27-1DC3854AEC1D}.Release|Any CPU.Build.0 = Release|Any CPU
		{815A489A-E543-4516-A1C8-71B9216B622E}.Debug|Any CPU.ActiveCfg = Debug|Any CPU
		{815A489A-E543-4516-A1C8-71B9216B622E}.Debug|Any CPU.Build.0 = Debug|Any CPU
		{815A489A-E543-4516-A1C8-71B9216B622E}.Release|Any CPU.ActiveCfg = Release|Any CPU
		{815A489A-E543-4516-A1C8-71B9216B622E}.Release|Any CPU.Build.0 = Release|Any CPU
		{500DBA8C-1314-45AB-AE7D-DE607DC81275}.Debug|Any CPU.ActiveCfg = Debug|Any CPU
		{500DBA8C-1314-45AB-AE7D-DE607DC81275}.Debug|Any CPU.Build.0 = Debug|Any CPU
		{500DBA8C-1314-45AB-AE7D-DE607DC81275}.Release|Any CPU.ActiveCfg = Release|Any CPU
		{500DBA8C-1314-45AB-AE7D-DE607DC81275}.Release|Any CPU.Build.0 = Release|Any CPU
		{B0720D4D-B9C8-4696-847D-5A9D6D10C466}.Debug|Any CPU.ActiveCfg = Debug|Any CPU
		{B0720D4D-B9C8-4696-847D-5A9D6D10C466}.Debug|Any CPU.Build.0 = Debug|Any CPU
		{B0720D4D-B9C8-4696-847D-5A9D6D10C466}.Release|Any CPU.ActiveCfg = Release|Any CPU
		{B0720D4D-B9C8-4696-847D-5A9D6D10C466}.Release|Any CPU.Build.0 = Release|Any CPU
		{499878CA-6455-4F1B-877D-FAFFE18A9CE9}.Debug|Any CPU.ActiveCfg = Debug|Any CPU
		{499878CA-6455-4F1B-877D-FAFFE18A9CE9}.Debug|Any CPU.Build.0 = Debug|Any CPU
		{499878CA-6455-4F1B-877D-FAFFE18A9CE9}.Release|Any CPU.ActiveCfg = Release|Any CPU
		{499878CA-6455-4F1B-877D-FAFFE18A9CE9}.Release|Any CPU.Build.0 = Release|Any CPU
		{2B528BDB-A035-4CDB-8E5C-0DE9662B1D85}.Debug|Any CPU.ActiveCfg = Debug|Any CPU
		{2B528BDB-A035-4CDB-8E5C-0DE9662B1D85}.Debug|Any CPU.Build.0 = Debug|Any CPU
		{2B528BDB-A035-4CDB-8E5C-0DE9662B1D85}.Release|Any CPU.ActiveCfg = Release|Any CPU
		{2B528BDB-A035-4CDB-8E5C-0DE9662B1D85}.Release|Any CPU.Build.0 = Release|Any CPU
		{39DA4623-74A1-4A55-A6F3-40D9D6DE958C}.Debug|Any CPU.ActiveCfg = Debug|Any CPU
		{39DA4623-74A1-4A55-A6F3-40D9D6DE958C}.Debug|Any CPU.Build.0 = Debug|Any CPU
		{39DA4623-74A1-4A55-A6F3-40D9D6DE958C}.Release|Any CPU.ActiveCfg = Release|Any CPU
		{39DA4623-74A1-4A55-A6F3-40D9D6DE958C}.Release|Any CPU.Build.0 = Release|Any CPU
		{402463D9-3D39-49E7-8D5D-3F6B49F6DEB8}.Debug|Any CPU.ActiveCfg = Debug|Any CPU
		{402463D9-3D39-49E7-8D5D-3F6B49F6DEB8}.Debug|Any CPU.Build.0 = Debug|Any CPU
		{402463D9-3D39-49E7-8D5D-3F6B49F6DEB8}.Release|Any CPU.ActiveCfg = Release|Any CPU
		{402463D9-3D39-49E7-8D5D-3F6B49F6DEB8}.Release|Any CPU.Build.0 = Release|Any CPU
		{9D1A0096-DCE7-42E0-A569-2011E8530C34}.Debug|Any CPU.ActiveCfg = Debug|Any CPU
		{9D1A0096-DCE7-42E0-A569-2011E8530C34}.Debug|Any CPU.Build.0 = Debug|Any CPU
		{9D1A0096-DCE7-42E0-A569-2011E8530C34}.Release|Any CPU.ActiveCfg = Release|Any CPU
		{9D1A0096-DCE7-42E0-A569-2011E8530C34}.Release|Any CPU.Build.0 = Release|Any CPU
		{DF15235C-B14C-48C1-9D17-C6725A604446}.Debug|Any CPU.ActiveCfg = Debug|Any CPU
		{DF15235C-B14C-48C1-9D17-C6725A604446}.Debug|Any CPU.Build.0 = Debug|Any CPU
		{DF15235C-B14C-48C1-9D17-C6725A604446}.Release|Any CPU.ActiveCfg = Release|Any CPU
		{DF15235C-B14C-48C1-9D17-C6725A604446}.Release|Any CPU.Build.0 = Release|Any CPU
		{3B0CF301-87B1-4C42-A6EC-EA9BABA0BDDA}.Debug|Any CPU.ActiveCfg = Debug|Any CPU
		{3B0CF301-87B1-4C42-A6EC-EA9BABA0BDDA}.Debug|Any CPU.Build.0 = Debug|Any CPU
		{3B0CF301-87B1-4C42-A6EC-EA9BABA0BDDA}.Release|Any CPU.ActiveCfg = Release|Any CPU
		{3B0CF301-87B1-4C42-A6EC-EA9BABA0BDDA}.Release|Any CPU.Build.0 = Release|Any CPU
		{24A7CA8D-3485-460B-838C-5AC08ECB81B2}.Debug|Any CPU.ActiveCfg = Debug|Any CPU
		{24A7CA8D-3485-460B-838C-5AC08ECB81B2}.Debug|Any CPU.Build.0 = Debug|Any CPU
		{24A7CA8D-3485-460B-838C-5AC08ECB81B2}.Release|Any CPU.ActiveCfg = Release|Any CPU
		{24A7CA8D-3485-460B-838C-5AC08ECB81B2}.Release|Any CPU.Build.0 = Release|Any CPU
		{493AF542-9E62-42D2-AD1A-4505E7BAE6BF}.Debug|Any CPU.ActiveCfg = Debug|Any CPU
		{493AF542-9E62-42D2-AD1A-4505E7BAE6BF}.Debug|Any CPU.Build.0 = Debug|Any CPU
		{493AF542-9E62-42D2-AD1A-4505E7BAE6BF}.Release|Any CPU.ActiveCfg = Release|Any CPU
		{493AF542-9E62-42D2-AD1A-4505E7BAE6BF}.Release|Any CPU.Build.0 = Release|Any CPU
	EndGlobalSection
	GlobalSection(SolutionProperties) = preSolution
		HideSolutionNode = FALSE
	EndGlobalSection
	GlobalSection(NestedProjects) = preSolution
		{4822DBB9-0C66-4A99-BA1D-44DD68820970} = {1E506A84-8DA2-4C3E-B35E-0268BBBF368E}
		{DC0D1D7D-54D3-4749-BE0B-45C0FE1154BD} = {1E506A84-8DA2-4C3E-B35E-0268BBBF368E}
		{A40935C5-D5D7-44D5-8B27-1DC3854AEC1D} = {1E506A84-8DA2-4C3E-B35E-0268BBBF368E}
		{815A489A-E543-4516-A1C8-71B9216B622E} = {1E506A84-8DA2-4C3E-B35E-0268BBBF368E}
		{500DBA8C-1314-45AB-AE7D-DE607DC81275} = {1E506A84-8DA2-4C3E-B35E-0268BBBF368E}
		{B0720D4D-B9C8-4696-847D-5A9D6D10C466} = {1E506A84-8DA2-4C3E-B35E-0268BBBF368E}
		{499878CA-6455-4F1B-877D-FAFFE18A9CE9} = {1E506A84-8DA2-4C3E-B35E-0268BBBF368E}
		{2B528BDB-A035-4CDB-8E5C-0DE9662B1D85} = {0FA3B433-C012-4404-985D-2CAA4EFEB67D}
		{39DA4623-74A1-4A55-A6F3-40D9D6DE958C} = {0FA3B433-C012-4404-985D-2CAA4EFEB67D}
		{402463D9-3D39-49E7-8D5D-3F6B49F6DEB8} = {68A9F1C6-EC98-48DD-89FF-912211CA0C51}
		{9D1A0096-DCE7-42E0-A569-2011E8530C34} = {68A9F1C6-EC98-48DD-89FF-912211CA0C51}
		{DF15235C-B14C-48C1-9D17-C6725A604446} = {68A9F1C6-EC98-48DD-89FF-912211CA0C51}
		{3B0CF301-87B1-4C42-A6EC-EA9BABA0BDDA} = {68A9F1C6-EC98-48DD-89FF-912211CA0C51}
		{24A7CA8D-3485-460B-838C-5AC08ECB81B2} = {68A9F1C6-EC98-48DD-89FF-912211CA0C51}
		{493AF542-9E62-42D2-AD1A-4505E7BAE6BF} = {68A9F1C6-EC98-48DD-89FF-912211CA0C51}
	EndGlobalSection
	GlobalSection(ExtensibilityGlobals) = postSolution
		SolutionGuid = {4017C146-2B76-4E88-9DFE-C76828CF98A9}
	EndGlobalSection
EndGlobal
