
Microsoft Visual Studio Solution File, Format Version 12.00
# Visual Studio Version 16
VisualStudioVersion = 16.0.29009.5
MinimumVisualStudioVersion = 10.0.40219.1
Project("{9A19103F-16F7-4668-BE54-9A1E7A4F7556}") = "FlowR", "FlowR\FlowR.csproj", "{4822DBB9-0C66-4A99-BA1D-44DD68820970}"
EndProject
Project("{9A19103F-16F7-4668-BE54-9A1E7A4F7556}") = "FlowR.Tests", "FlowR.Tests\FlowR.Tests.csproj", "{DC0D1D7D-54D3-4749-BE0B-45C0FE1154BD}"
EndProject
Project("{9A19103F-16F7-4668-BE54-9A1E7A4F7556}") = "FlowR.Tests.Domain", "FlowR.Tests.Domain\FlowR.Tests.Domain.csproj", "{A40935C5-D5D7-44D5-8B27-1DC3854AEC1D}"
EndProject
Project("{9A19103F-16F7-4668-BE54-9A1E7A4F7556}") = "FlowR.Microsoft.Extensions.Logging", "FlowR.Microsoft.Extensions.Logging\FlowR.Microsoft.Extensions.Logging.csproj", "{815A489A-E543-4516-A1C8-71B9216B622E}"
EndProject
Project("{9A19103F-16F7-4668-BE54-9A1E7A4F7556}") = "FlowR.StepLibrary", "FlowR.StepLibrary\FlowR.StepLibrary.csproj", "{500DBA8C-1314-45AB-AE7D-DE607DC81275}"
EndProject
Project("{9A19103F-16F7-4668-BE54-9A1E7A4F7556}") = "FlowR.Tests.DiscoveryTarget", "FlowR.Tests.DiscoveryTarget\FlowR.Tests.DiscoveryTarget.csproj", "{B0720D4D-B9C8-4696-847D-5A9D6D10C466}"
EndProject
Project("{9A19103F-16F7-4668-BE54-9A1E7A4F7556}") = "FlowR.Discovery", "FlowR.Discovery\FlowR.Discovery.csproj", "{499878CA-6455-4F1B-877D-FAFFE18A9CE9}"
EndProject
Project("{9A19103F-16F7-4668-BE54-9A1E7A4F7556}") = "FlowR.Jint", "FlowR.Jint\FlowR.Jint.csproj", "{2B528BDB-A035-4CDB-8E5C-0DE9662B1D85}"
EndProject
Project("{9A19103F-16F7-4668-BE54-9A1E7A4F7556}") = "FlowR.Jint.Tests", "FlowR.Jint.Tests\FlowR.Jint.Tests.csproj", "{39DA4623-74A1-4A55-A6F3-40D9D6DE958C}"
EndProject
Project("{2150E333-8FDC-42A3-9474-1A3956D46DE8}") = "FlowR.Core", "FlowR.Core", "{1E506A84-8DA2-4C3E-B35E-0268BBBF368E}"
EndProject
Project("{2150E333-8FDC-42A3-9474-1A3956D46DE8}") = "FlowR.Extensions", "FlowR.Extensions", "{0FA3B433-C012-4404-985D-2CAA4EFEB67D}"
EndProject
Project("{2150E333-8FDC-42A3-9474-1A3956D46DE8}") = "Samples", "Samples", "{B67D0564-38E9-4D2B-A4BB-0FEB1EDC6F66}"
EndProject
Project("{9A19103F-16F7-4668-BE54-9A1E7A4F7556}") = "HelloFlowR", "Samples\HelloFlowR\HelloFlowR.csproj", "{AA4B534C-559A-44B4-8C6D-FDADEE8B427E}"
EndProject
Project("{2150E333-8FDC-42A3-9474-1A3956D46DE8}") = "BusinessExample", "BusinessExample", "{79A3F24B-82FB-4E1B-A3D8-A274D62B3D06}"
EndProject
Project("{9A19103F-16F7-4668-BE54-9A1E7A4F7556}") = "BusinessExample.Core", "Samples\BusinessExample\BusinessExample.Core\BusinessExample.Core.csproj", "{637CA75F-07F5-4C17-8CDC-A856CFDF21CF}"
EndProject
Project("{9A19103F-16F7-4668-BE54-9A1E7A4F7556}") = "BusinessExample.Core.Test", "Samples\BusinessExample\BusinessExample.Core.Test\BusinessExample.Core.Test.csproj", "{4D82E1A2-AFAD-4C46-BF73-F9AEB04CFFEB}"
EndProject
Project("{9A19103F-16F7-4668-BE54-9A1E7A4F7556}") = "BusinessExample.Infrastructure", "Samples\BusinessExample\BusinessExample.Infrastructure\BusinessExample.Infrastructure.csproj", "{FBDBACBE-096D-4652-A315-0D9D59AA6FA0}"
EndProject
Project("{9A19103F-16F7-4668-BE54-9A1E7A4F7556}") = "BusinessExample.Infrastructure.Test", "Samples\BusinessExample\BusinessExample.Infrastructure.Test\BusinessExample.Infrastructure.Test.csproj", "{55CCBFFD-6E00-4110-B8BD-D17B82ECC445}"
EndProject
Project("{9A19103F-16F7-4668-BE54-9A1E7A4F7556}") = "BusinessExample.Web", "Samples\BusinessExample\BusinessExample.Web\BusinessExample.Web.csproj", "{EFC47327-2B23-4668-BAC1-B03DE8171D45}"
EndProject
Project("{2150E333-8FDC-42A3-9474-1A3956D46DE8}") = "TwentyQuestions", "TwentyQuestions", "{724D3EC3-DA57-4FE3-8F5E-9FABA4F62256}"
EndProject
Project("{9A19103F-16F7-4668-BE54-9A1E7A4F7556}") = "TwentyQuestions", "Samples\TwentyQuestions\TwentyQuestionsConsole\TwentyQuestions.csproj", "{1FB7E65A-9C86-4165-8ECA-927F578B17A5}"
EndProject
Project("{9A19103F-16F7-4668-BE54-9A1E7A4F7556}") = "TwentyQuestions.Core", "Samples\TwentyQuestions\TwentyQuestionsCore\TwentyQuestions.Core.csproj", "{3CC839C6-DC5A-48A3-A813-71013222E376}"
EndProject
Project("{9A19103F-16F7-4668-BE54-9A1E7A4F7556}") = "TwentyQuestions.Test", "Samples\TwentyQuestions\TwentyQuestionsTest\TwentyQuestions.Test.csproj", "{05F01B46-A251-4675-8BDF-0935CA9CA5E0}"
EndProject
Global
	GlobalSection(SolutionConfigurationPlatforms) = preSolution
		Debug|Any CPU = Debug|Any CPU
		Release|Any CPU = Release|Any CPU
	EndGlobalSection
	GlobalSection(ProjectConfigurationPlatforms) = postSolution
		{4822DBB9-0C66-4A99-BA1D-44DD68820970}.Debug|Any CPU.ActiveCfg = Debug|Any CPU
		{4822DBB9-0C66-4A99-BA1D-44DD68820970}.Debug|Any CPU.Build.0 = Debug|Any CPU
		{4822DBB9-0C66-4A99-BA1D-44DD68820970}.Release|Any CPU.ActiveCfg = Release|Any CPU
		{4822DBB9-0C66-4A99-BA1D-44DD68820970}.Release|Any CPU.Build.0 = Release|Any CPU
		{DC0D1D7D-54D3-4749-BE0B-45C0FE1154BD}.Debug|Any CPU.ActiveCfg = Debug|Any CPU
		{DC0D1D7D-54D3-4749-BE0B-45C0FE1154BD}.Debug|Any CPU.Build.0 = Debug|Any CPU
		{DC0D1D7D-54D3-4749-BE0B-45C0FE1154BD}.Release|Any CPU.ActiveCfg = Release|Any CPU
		{DC0D1D7D-54D3-4749-BE0B-45C0FE1154BD}.Release|Any CPU.Build.0 = Release|Any CPU
		{A40935C5-D5D7-44D5-8B27-1DC3854AEC1D}.Debug|Any CPU.ActiveCfg = Debug|Any CPU
		{A40935C5-D5D7-44D5-8B27-1DC3854AEC1D}.Debug|Any CPU.Build.0 = Debug|Any CPU
		{A40935C5-D5D7-44D5-8B27-1DC3854AEC1D}.Release|Any CPU.ActiveCfg = Release|Any CPU
		{A40935C5-D5D7-44D5-8B27-1DC3854AEC1D}.Release|Any CPU.Build.0 = Release|Any CPU
		{815A489A-E543-4516-A1C8-71B9216B622E}.Debug|Any CPU.ActiveCfg = Debug|Any CPU
		{815A489A-E543-4516-A1C8-71B9216B622E}.Debug|Any CPU.Build.0 = Debug|Any CPU
		{815A489A-E543-4516-A1C8-71B9216B622E}.Release|Any CPU.ActiveCfg = Release|Any CPU
		{815A489A-E543-4516-A1C8-71B9216B622E}.Release|Any CPU.Build.0 = Release|Any CPU
		{500DBA8C-1314-45AB-AE7D-DE607DC81275}.Debug|Any CPU.ActiveCfg = Debug|Any CPU
		{500DBA8C-1314-45AB-AE7D-DE607DC81275}.Debug|Any CPU.Build.0 = Debug|Any CPU
		{500DBA8C-1314-45AB-AE7D-DE607DC81275}.Release|Any CPU.ActiveCfg = Release|Any CPU
		{500DBA8C-1314-45AB-AE7D-DE607DC81275}.Release|Any CPU.Build.0 = Release|Any CPU
		{B0720D4D-B9C8-4696-847D-5A9D6D10C466}.Debug|Any CPU.ActiveCfg = Debug|Any CPU
		{B0720D4D-B9C8-4696-847D-5A9D6D10C466}.Debug|Any CPU.Build.0 = Debug|Any CPU
		{B0720D4D-B9C8-4696-847D-5A9D6D10C466}.Release|Any CPU.ActiveCfg = Release|Any CPU
		{B0720D4D-B9C8-4696-847D-5A9D6D10C466}.Release|Any CPU.Build.0 = Release|Any CPU
		{499878CA-6455-4F1B-877D-FAFFE18A9CE9}.Debug|Any CPU.ActiveCfg = Debug|Any CPU
		{499878CA-6455-4F1B-877D-FAFFE18A9CE9}.Debug|Any CPU.Build.0 = Debug|Any CPU
		{499878CA-6455-4F1B-877D-FAFFE18A9CE9}.Release|Any CPU.ActiveCfg = Release|Any CPU
		{499878CA-6455-4F1B-877D-FAFFE18A9CE9}.Release|Any CPU.Build.0 = Release|Any CPU
		{2B528BDB-A035-4CDB-8E5C-0DE9662B1D85}.Debug|Any CPU.ActiveCfg = Debug|Any CPU
		{2B528BDB-A035-4CDB-8E5C-0DE9662B1D85}.Debug|Any CPU.Build.0 = Debug|Any CPU
		{2B528BDB-A035-4CDB-8E5C-0DE9662B1D85}.Release|Any CPU.ActiveCfg = Release|Any CPU
		{2B528BDB-A035-4CDB-8E5C-0DE9662B1D85}.Release|Any CPU.Build.0 = Release|Any CPU
		{39DA4623-74A1-4A55-A6F3-40D9D6DE958C}.Debug|Any CPU.ActiveCfg = Debug|Any CPU
		{39DA4623-74A1-4A55-A6F3-40D9D6DE958C}.Debug|Any CPU.Build.0 = Debug|Any CPU
		{39DA4623-74A1-4A55-A6F3-40D9D6DE958C}.Release|Any CPU.ActiveCfg = Release|Any CPU
		{39DA4623-74A1-4A55-A6F3-40D9D6DE958C}.Release|Any CPU.Build.0 = Release|Any CPU
		{AA4B534C-559A-44B4-8C6D-FDADEE8B427E}.Debug|Any CPU.ActiveCfg = Debug|Any CPU
		{AA4B534C-559A-44B4-8C6D-FDADEE8B427E}.Debug|Any CPU.Build.0 = Debug|Any CPU
		{AA4B534C-559A-44B4-8C6D-FDADEE8B427E}.Release|Any CPU.ActiveCfg = Release|Any CPU
		{AA4B534C-559A-44B4-8C6D-FDADEE8B427E}.Release|Any CPU.Build.0 = Release|Any CPU
		{637CA75F-07F5-4C17-8CDC-A856CFDF21CF}.Debug|Any CPU.ActiveCfg = Debug|Any CPU
		{637CA75F-07F5-4C17-8CDC-A856CFDF21CF}.Debug|Any CPU.Build.0 = Debug|Any CPU
		{637CA75F-07F5-4C17-8CDC-A856CFDF21CF}.Release|Any CPU.ActiveCfg = Release|Any CPU
		{637CA75F-07F5-4C17-8CDC-A856CFDF21CF}.Release|Any CPU.Build.0 = Release|Any CPU
		{4D82E1A2-AFAD-4C46-BF73-F9AEB04CFFEB}.Debug|Any CPU.ActiveCfg = Debug|Any CPU
		{4D82E1A2-AFAD-4C46-BF73-F9AEB04CFFEB}.Debug|Any CPU.Build.0 = Debug|Any CPU
		{4D82E1A2-AFAD-4C46-BF73-F9AEB04CFFEB}.Release|Any CPU.ActiveCfg = Release|Any CPU
		{4D82E1A2-AFAD-4C46-BF73-F9AEB04CFFEB}.Release|Any CPU.Build.0 = Release|Any CPU
		{FBDBACBE-096D-4652-A315-0D9D59AA6FA0}.Debug|Any CPU.ActiveCfg = Debug|Any CPU
		{FBDBACBE-096D-4652-A315-0D9D59AA6FA0}.Debug|Any CPU.Build.0 = Debug|Any CPU
		{FBDBACBE-096D-4652-A315-0D9D59AA6FA0}.Release|Any CPU.ActiveCfg = Release|Any CPU
		{FBDBACBE-096D-4652-A315-0D9D59AA6FA0}.Release|Any CPU.Build.0 = Release|Any CPU
		{55CCBFFD-6E00-4110-B8BD-D17B82ECC445}.Debug|Any CPU.ActiveCfg = Debug|Any CPU
		{55CCBFFD-6E00-4110-B8BD-D17B82ECC445}.Debug|Any CPU.Build.0 = Debug|Any CPU
		{55CCBFFD-6E00-4110-B8BD-D17B82ECC445}.Release|Any CPU.ActiveCfg = Release|Any CPU
		{55CCBFFD-6E00-4110-B8BD-D17B82ECC445}.Release|Any CPU.Build.0 = Release|Any CPU
		{EFC47327-2B23-4668-BAC1-B03DE8171D45}.Debug|Any CPU.ActiveCfg = Debug|Any CPU
		{EFC47327-2B23-4668-BAC1-B03DE8171D45}.Debug|Any CPU.Build.0 = Debug|Any CPU
		{EFC47327-2B23-4668-BAC1-B03DE8171D45}.Release|Any CPU.ActiveCfg = Release|Any CPU
		{EFC47327-2B23-4668-BAC1-B03DE8171D45}.Release|Any CPU.Build.0 = Release|Any CPU
		{1FB7E65A-9C86-4165-8ECA-927F578B17A5}.Debug|Any CPU.ActiveCfg = Debug|Any CPU
		{1FB7E65A-9C86-4165-8ECA-927F578B17A5}.Debug|Any CPU.Build.0 = Debug|Any CPU
		{1FB7E65A-9C86-4165-8ECA-927F578B17A5}.Release|Any CPU.ActiveCfg = Release|Any CPU
		{1FB7E65A-9C86-4165-8ECA-927F578B17A5}.Release|Any CPU.Build.0 = Release|Any CPU
		{3CC839C6-DC5A-48A3-A813-71013222E376}.Debug|Any CPU.ActiveCfg = Debug|Any CPU
		{3CC839C6-DC5A-48A3-A813-71013222E376}.Debug|Any CPU.Build.0 = Debug|Any CPU
		{3CC839C6-DC5A-48A3-A813-71013222E376}.Release|Any CPU.ActiveCfg = Release|Any CPU
		{3CC839C6-DC5A-48A3-A813-71013222E376}.Release|Any CPU.Build.0 = Release|Any CPU
		{05F01B46-A251-4675-8BDF-0935CA9CA5E0}.Debug|Any CPU.ActiveCfg = Debug|Any CPU
		{05F01B46-A251-4675-8BDF-0935CA9CA5E0}.Debug|Any CPU.Build.0 = Debug|Any CPU
		{05F01B46-A251-4675-8BDF-0935CA9CA5E0}.Release|Any CPU.ActiveCfg = Release|Any CPU
		{05F01B46-A251-4675-8BDF-0935CA9CA5E0}.Release|Any CPU.Build.0 = Release|Any CPU
	EndGlobalSection
	GlobalSection(SolutionProperties) = preSolution
		HideSolutionNode = FALSE
	EndGlobalSection
	GlobalSection(NestedProjects) = preSolution
		{4822DBB9-0C66-4A99-BA1D-44DD68820970} = {1E506A84-8DA2-4C3E-B35E-0268BBBF368E}
		{DC0D1D7D-54D3-4749-BE0B-45C0FE1154BD} = {1E506A84-8DA2-4C3E-B35E-0268BBBF368E}
		{A40935C5-D5D7-44D5-8B27-1DC3854AEC1D} = {1E506A84-8DA2-4C3E-B35E-0268BBBF368E}
		{815A489A-E543-4516-A1C8-71B9216B622E} = {1E506A84-8DA2-4C3E-B35E-0268BBBF368E}
		{500DBA8C-1314-45AB-AE7D-DE607DC81275} = {1E506A84-8DA2-4C3E-B35E-0268BBBF368E}
		{B0720D4D-B9C8-4696-847D-5A9D6D10C466} = {1E506A84-8DA2-4C3E-B35E-0268BBBF368E}
		{499878CA-6455-4F1B-877D-FAFFE18A9CE9} = {1E506A84-8DA2-4C3E-B35E-0268BBBF368E}
		{2B528BDB-A035-4CDB-8E5C-0DE9662B1D85} = {0FA3B433-C012-4404-985D-2CAA4EFEB67D}
		{39DA4623-74A1-4A55-A6F3-40D9D6DE958C} = {0FA3B433-C012-4404-985D-2CAA4EFEB67D}
		{AA4B534C-559A-44B4-8C6D-FDADEE8B427E} = {B67D0564-38E9-4D2B-A4BB-0FEB1EDC6F66}
		{79A3F24B-82FB-4E1B-A3D8-A274D62B3D06} = {B67D0564-38E9-4D2B-A4BB-0FEB1EDC6F66}
		{637CA75F-07F5-4C17-8CDC-A856CFDF21CF} = {79A3F24B-82FB-4E1B-A3D8-A274D62B3D06}
		{4D82E1A2-AFAD-4C46-BF73-F9AEB04CFFEB} = {79A3F24B-82FB-4E1B-A3D8-A274D62B3D06}
		{FBDBACBE-096D-4652-A315-0D9D59AA6FA0} = {79A3F24B-82FB-4E1B-A3D8-A274D62B3D06}
		{55CCBFFD-6E00-4110-B8BD-D17B82ECC445} = {79A3F24B-82FB-4E1B-A3D8-A274D62B3D06}
		{EFC47327-2B23-4668-BAC1-B03DE8171D45} = {79A3F24B-82FB-4E1B-A3D8-A274D62B3D06}
		{724D3EC3-DA57-4FE3-8F5E-9FABA4F62256} = {B67D0564-38E9-4D2B-A4BB-0FEB1EDC6F66}
		{1FB7E65A-9C86-4165-8ECA-927F578B17A5} = {724D3EC3-DA57-4FE3-8F5E-9FABA4F62256}
		{3CC839C6-DC5A-48A3-A813-71013222E376} = {724D3EC3-DA57-4FE3-8F5E-9FABA4F62256}
		{05F01B46-A251-4675-8BDF-0935CA9CA5E0} = {724D3EC3-DA57-4FE3-8F5E-9FABA4F62256}
	EndGlobalSection
	GlobalSection(ExtensibilityGlobals) = postSolution
		SolutionGuid = {4017C146-2B76-4E88-9DFE-C76828CF98A9}
	EndGlobalSection
EndGlobal
